
Microsoft Visual Studio Solution File, Format Version 12.00
# Visual Studio Version 16
VisualStudioVersion = 16.0.30330.147
MinimumVisualStudioVersion = 10.0.40219.1
Project("{FAE04EC0-301F-11D3-BF4B-00C04F79EFBC}") = "SalesWebMvc", "SalesWebMvc\SalesWebMvc.csproj", "{4BE87D03-D050-4191-9B96-81BCA223CA7B}"
EndProject
Global
	GlobalSection(SolutionConfigurationPlatforms) = preSolution
		Debug|Any CPU = Debug|Any CPU
		Release|Any CPU = Release|Any CPU
	EndGlobalSection
	GlobalSection(ProjectConfigurationPlatforms) = postSolution
		{4BE87D03-D050-4191-9B96-81BCA223CA7B}.Debug|Any CPU.ActiveCfg = Debug|Any CPU
		{4BE87D03-D050-4191-9B96-81BCA223CA7B}.Debug|Any CPU.Build.0 = Debug|Any CPU
		{4BE87D03-D050-4191-9B96-81BCA223CA7B}.Release|Any CPU.ActiveCfg = Release|Any CPU
		{4BE87D03-D050-4191-9B96-81BCA223CA7B}.Release|Any CPU.Build.0 = Release|Any CPU
	EndGlobalSection
	GlobalSection(SolutionProperties) = preSolution
		HideSolutionNode = FALSE
	EndGlobalSection
	GlobalSection(ExtensibilityGlobals) = postSolution
		SolutionGuid = {1A5CD5CE-9CAF-404C-B133-6A943C1CB86D}
	EndGlobalSection
EndGlobal
